
Microsoft Visual Studio Solution File, Format Version 12.00
# Visual Studio 15
VisualStudioVersion = 15.0.28307.329
MinimumVisualStudioVersion = 10.0.40219.1
Project("{8BC9CEB8-8B4A-11D0-8D11-00A0C91BC942}") = "Perfect Hashing", "Perfect Hashing\Perfect Hashing.vcxproj", "{F3E44C07-3841-47A7-BBC4-093F58AF803E}"
EndProject
Global
	GlobalSection(SolutionConfigurationPlatforms) = preSolution
		Debug|x64 = Debug|x64
		Debug|x86 = Debug|x86
		Release|x64 = Release|x64
		Release|x86 = Release|x86
	EndGlobalSection
	GlobalSection(ProjectConfigurationPlatforms) = postSolution
		{F3E44C07-3841-47A7-BBC4-093F58AF803E}.Debug|x64.ActiveCfg = Debug|x64
		{F3E44C07-3841-47A7-BBC4-093F58AF803E}.Debug|x64.Build.0 = Debug|x64
		{F3E44C07-3841-47A7-BBC4-093F58AF803E}.Debug|x86.ActiveCfg = Debug|Win32
		{F3E44C07-3841-47A7-BBC4-093F58AF803E}.Debug|x86.Build.0 = Debug|Win32
		{F3E44C07-3841-47A7-BBC4-093F58AF803E}.Release|x64.ActiveCfg = Release|x64
		{F3E44C07-3841-47A7-BBC4-093F58AF803E}.Release|x64.Build.0 = Release|x64
		{F3E44C07-3841-47A7-BBC4-093F58AF803E}.Release|x86.ActiveCfg = Release|Win32
		{F3E44C07-3841-47A7-BBC4-093F58AF803E}.Release|x86.Build.0 = Release|Win32
	EndGlobalSection
	GlobalSection(SolutionProperties) = preSolution
		HideSolutionNode = FALSE
	EndGlobalSection
	GlobalSection(ExtensibilityGlobals) = postSolution
		SolutionGuid = {A8D5FD9C-727D-48A2-A59F-20A3E0BEE9E6}
	EndGlobalSection
EndGlobal
